// !$*UTF8*$!
{
	archiveVersion = 1;
	classes = {
	};
	objectVersion = 46;
	objects = {

/* Begin PBXBuildFile section */
		271E36351F7D73FE00A7AFF3 /* Category.swift in Sources */ = {isa = PBXBuildFile; fileRef = 271E36341F7D73FE00A7AFF3 /* Category.swift */; };
		2725D9121F77FBFD005466FA /* CategoriesViewModel.swift in Sources */ = {isa = PBXBuildFile; fileRef = 2725D9111F77FBFD005466FA /* CategoriesViewModel.swift */; };
		2725D9171F7813D7005466FA /* Constants.swift in Sources */ = {isa = PBXBuildFile; fileRef = 2725D9161F7813D7005466FA /* Constants.swift */; };
		276A9A7B1F71BADB00D50312 /* Assets.xcassets in Resources */ = {isa = PBXBuildFile; fileRef = 276A9A7A1F71BADB00D50312 /* Assets.xcassets */; };
		276A9A7E1F71BADB00D50312 /* LaunchScreen.storyboard in Resources */ = {isa = PBXBuildFile; fileRef = 276A9A7C1F71BADB00D50312 /* LaunchScreen.storyboard */; };
		276A9A911F72F49300D50312 /* AppDelegate.swift in Sources */ = {isa = PBXBuildFile; fileRef = 276A9A8A1F72F49300D50312 /* AppDelegate.swift */; };
		27A7948A2028DD2100E335DC /* MapKit.framework in Frameworks */ = {isa = PBXBuildFile; fileRef = 27A794892028DD2100E335DC /* MapKit.framework */; };
		27AD44BA203E033B00F94600 /* WebServicesProtocol.swift in Sources */ = {isa = PBXBuildFile; fileRef = 27AD44B9203E033B00F94600 /* WebServicesProtocol.swift */; };
		27AD44BC203E04A400F94600 /* WebServices.swift in Sources */ = {isa = PBXBuildFile; fileRef = 27AD44BB203E04A400F94600 /* WebServices.swift */; };
		27DD21841FE8B8B200B45330 /* Main.storyboard in Resources */ = {isa = PBXBuildFile; fileRef = 27DD21811FE8B8B200B45330 /* Main.storyboard */; };
		27ECF01B2045CCD400449770 /* LocationManager.swift in Sources */ = {isa = PBXBuildFile; fileRef = 27ECF01A2045CCD400449770 /* LocationManager.swift */; };
		27ECF01D2045D11C00449770 /* ResultsViewModel.swift in Sources */ = {isa = PBXBuildFile; fileRef = 27ECF01C2045D11C00449770 /* ResultsViewModel.swift */; };
		27ECF0212045DF0F00449770 /* MapViewController.swift in Sources */ = {isa = PBXBuildFile; fileRef = 27ECF01E2045DF0F00449770 /* MapViewController.swift */; };
		27ECF0222045DF0F00449770 /* CategoriesCollectionViewController.swift in Sources */ = {isa = PBXBuildFile; fileRef = 27ECF01F2045DF0F00449770 /* CategoriesCollectionViewController.swift */; };
		27ECF0232045DF0F00449770 /* ResultsTableViewController.swift in Sources */ = {isa = PBXBuildFile; fileRef = 27ECF0202045DF0F00449770 /* ResultsTableViewController.swift */; };
		27ECF0252045DF3D00449770 /* SearchController.swift in Sources */ = {isa = PBXBuildFile; fileRef = 27ECF0242045DF3D00449770 /* SearchController.swift */; };
		27ECF0282045DF6800449770 /* SearchResultsTableViewCell.swift in Sources */ = {isa = PBXBuildFile; fileRef = 27ECF0262045DF6700449770 /* SearchResultsTableViewCell.swift */; };
		27ECF0292045DF6800449770 /* CategoriesCollectionViewCell.swift in Sources */ = {isa = PBXBuildFile; fileRef = 27ECF0272045DF6700449770 /* CategoriesCollectionViewCell.swift */; };
		C87883C4A7245D759E567478 /* Pods_Findie.framework in Frameworks */ = {isa = PBXBuildFile; fileRef = BE68196DD69D7B8FB0754022 /* Pods_Findie.framework */; };
/* End PBXBuildFile section */

/* Begin PBXFileReference section */
		271E36341F7D73FE00A7AFF3 /* Category.swift */ = {isa = PBXFileReference; lastKnownFileType = sourcecode.swift; path = Category.swift; sourceTree = "<group>"; };
		2725D9111F77FBFD005466FA /* CategoriesViewModel.swift */ = {isa = PBXFileReference; lastKnownFileType = sourcecode.swift; path = CategoriesViewModel.swift; sourceTree = "<group>"; };
		2725D9161F7813D7005466FA /* Constants.swift */ = {isa = PBXFileReference; lastKnownFileType = sourcecode.swift; path = Constants.swift; sourceTree = "<group>"; };
		276A9A701F71BADB00D50312 /* Findie.app */ = {isa = PBXFileReference; explicitFileType = wrapper.application; includeInIndex = 0; path = Findie.app; sourceTree = BUILT_PRODUCTS_DIR; };
		276A9A7A1F71BADB00D50312 /* Assets.xcassets */ = {isa = PBXFileReference; lastKnownFileType = folder.assetcatalog; path = Assets.xcassets; sourceTree = "<group>"; };
		276A9A7D1F71BADB00D50312 /* Base */ = {isa = PBXFileReference; lastKnownFileType = file.storyboard; name = Base; path = Base.lproj/LaunchScreen.storyboard; sourceTree = "<group>"; };
		276A9A8A1F72F49300D50312 /* AppDelegate.swift */ = {isa = PBXFileReference; fileEncoding = 4; lastKnownFileType = sourcecode.swift; path = AppDelegate.swift; sourceTree = "<group>"; };
		276A9A8D1F72F49300D50312 /* Info.plist */ = {isa = PBXFileReference; fileEncoding = 4; lastKnownFileType = text.plist.xml; path = Info.plist; sourceTree = "<group>"; };
		27A794892028DD2100E335DC /* MapKit.framework */ = {isa = PBXFileReference; lastKnownFileType = wrapper.framework; name = MapKit.framework; path = System/Library/Frameworks/MapKit.framework; sourceTree = SDKROOT; };
		27AD44B9203E033B00F94600 /* WebServicesProtocol.swift */ = {isa = PBXFileReference; lastKnownFileType = sourcecode.swift; path = WebServicesProtocol.swift; sourceTree = "<group>"; };
		27AD44BB203E04A400F94600 /* WebServices.swift */ = {isa = PBXFileReference; lastKnownFileType = sourcecode.swift; path = WebServices.swift; sourceTree = "<group>"; };
		27DD21811FE8B8B200B45330 /* Main.storyboard */ = {isa = PBXFileReference; fileEncoding = 4; lastKnownFileType = file.storyboard; path = Main.storyboard; sourceTree = "<group>"; };
		27ECF01A2045CCD400449770 /* LocationManager.swift */ = {isa = PBXFileReference; lastKnownFileType = sourcecode.swift; path = LocationManager.swift; sourceTree = "<group>"; };
		27ECF01C2045D11C00449770 /* ResultsViewModel.swift */ = {isa = PBXFileReference; lastKnownFileType = sourcecode.swift; path = ResultsViewModel.swift; sourceTree = "<group>"; };
		27ECF01E2045DF0F00449770 /* MapViewController.swift */ = {isa = PBXFileReference; fileEncoding = 4; lastKnownFileType = sourcecode.swift; path = MapViewController.swift; sourceTree = "<group>"; };
		27ECF01F2045DF0F00449770 /* CategoriesCollectionViewController.swift */ = {isa = PBXFileReference; fileEncoding = 4; lastKnownFileType = sourcecode.swift; path = CategoriesCollectionViewController.swift; sourceTree = "<group>"; };
		27ECF0202045DF0F00449770 /* ResultsTableViewController.swift */ = {isa = PBXFileReference; fileEncoding = 4; lastKnownFileType = sourcecode.swift; path = ResultsTableViewController.swift; sourceTree = "<group>"; };
		27ECF0242045DF3D00449770 /* SearchController.swift */ = {isa = PBXFileReference; fileEncoding = 4; lastKnownFileType = sourcecode.swift; path = SearchController.swift; sourceTree = "<group>"; };
		27ECF0262045DF6700449770 /* SearchResultsTableViewCell.swift */ = {isa = PBXFileReference; fileEncoding = 4; lastKnownFileType = sourcecode.swift; path = SearchResultsTableViewCell.swift; sourceTree = "<group>"; };
		27ECF0272045DF6700449770 /* CategoriesCollectionViewCell.swift */ = {isa = PBXFileReference; fileEncoding = 4; lastKnownFileType = sourcecode.swift; path = CategoriesCollectionViewCell.swift; sourceTree = "<group>"; };
		940B8885EB8217241FD69770 /* Pods-Findie.debug.xcconfig */ = {isa = PBXFileReference; includeInIndex = 1; lastKnownFileType = text.xcconfig; name = "Pods-Findie.debug.xcconfig"; path = "Pods/Target Support Files/Pods-Findie/Pods-Findie.debug.xcconfig"; sourceTree = "<group>"; };
		BE68196DD69D7B8FB0754022 /* Pods_Findie.framework */ = {isa = PBXFileReference; explicitFileType = wrapper.framework; includeInIndex = 0; path = Pods_Findie.framework; sourceTree = BUILT_PRODUCTS_DIR; };
		D05C9CCC9A5E6BB582B34698 /* Pods-Findie.release.xcconfig */ = {isa = PBXFileReference; includeInIndex = 1; lastKnownFileType = text.xcconfig; name = "Pods-Findie.release.xcconfig"; path = "Pods/Target Support Files/Pods-Findie/Pods-Findie.release.xcconfig"; sourceTree = "<group>"; };
/* End PBXFileReference section */

/* Begin PBXFrameworksBuildPhase section */
		276A9A6D1F71BADB00D50312 /* Frameworks */ = {
			isa = PBXFrameworksBuildPhase;
			buildActionMask = 2147483647;
			files = (
				27A7948A2028DD2100E335DC /* MapKit.framework in Frameworks */,
				C87883C4A7245D759E567478 /* Pods_Findie.framework in Frameworks */,
			);
			runOnlyForDeploymentPostprocessing = 0;
		};
/* End PBXFrameworksBuildPhase section */

/* Begin PBXGroup section */
		2725D9131F781367005466FA /* Constants */ = {
			isa = PBXGroup;
			children = (
				2725D9161F7813D7005466FA /* Constants.swift */,
			);
			path = Constants;
			sourceTree = "<group>";
		};
		276A9A671F71BADB00D50312 = {
			isa = PBXGroup;
			children = (
				276A9A721F71BADB00D50312 /* Findie */,
				276A9A711F71BADB00D50312 /* Products */,
				27A794882028DD2100E335DC /* Frameworks */,
				5C2E887E2F4592E47E0981AA /* Pods */,
			);
			sourceTree = "<group>";
		};
		276A9A711F71BADB00D50312 /* Products */ = {
			isa = PBXGroup;
			children = (
				276A9A701F71BADB00D50312 /* Findie.app */,
			);
			name = Products;
			sourceTree = "<group>";
		};
		276A9A721F71BADB00D50312 /* Findie */ = {
			isa = PBXGroup;
			children = (
				276A9A891F72F49300D50312 /* AppDelegate */,
				2725D9131F781367005466FA /* Constants */,
				27AD44B8203DFD4300F94600 /* Networking */,
				27DD218A1FE8B94400B45330 /* Controller */,
				27ECF0192045CCB400449770 /* Manager */,
				276A9A8B1F72F49300D50312 /* Model */,
				276A9A8E1F72F49300D50312 /* View */,
				276A9A901F72F49300D50312 /* View Model */,
				276A9A8C1F72F49300D50312 /* Supporting Files */,
				276A9A7A1F71BADB00D50312 /* Assets.xcassets */,
				27DD21811FE8B8B200B45330 /* Main.storyboard */,
				276A9A7C1F71BADB00D50312 /* LaunchScreen.storyboard */,
			);
			path = Findie;
			sourceTree = "<group>";
		};
		276A9A891F72F49300D50312 /* AppDelegate */ = {
			isa = PBXGroup;
			children = (
				276A9A8A1F72F49300D50312 /* AppDelegate.swift */,
			);
			path = AppDelegate;
			sourceTree = "<group>";
		};
		276A9A8B1F72F49300D50312 /* Model */ = {
			isa = PBXGroup;
			children = (
				271E36341F7D73FE00A7AFF3 /* Category.swift */,
			);
			path = Model;
			sourceTree = "<group>";
		};
		276A9A8C1F72F49300D50312 /* Supporting Files */ = {
			isa = PBXGroup;
			children = (
				276A9A8D1F72F49300D50312 /* Info.plist */,
			);
			path = "Supporting Files";
			sourceTree = "<group>";
		};
		276A9A8E1F72F49300D50312 /* View */ = {
			isa = PBXGroup;
			children = (
				276A9A941F72F60E00D50312 /* Cell */,
				27DD218D1FE8B94400B45330 /* ViewControllers */,
			);
			path = View;
			sourceTree = "<group>";
		};
		276A9A901F72F49300D50312 /* View Model */ = {
			isa = PBXGroup;
			children = (
				2725D9111F77FBFD005466FA /* CategoriesViewModel.swift */,
				27ECF01C2045D11C00449770 /* ResultsViewModel.swift */,
			);
			path = "View Model";
			sourceTree = "<group>";
		};
		276A9A941F72F60E00D50312 /* Cell */ = {
			isa = PBXGroup;
			children = (
				27ECF0272045DF6700449770 /* CategoriesCollectionViewCell.swift */,
				27ECF0262045DF6700449770 /* SearchResultsTableViewCell.swift */,
			);
			path = Cell;
			sourceTree = "<group>";
		};
		27A794882028DD2100E335DC /* Frameworks */ = {
			isa = PBXGroup;
			children = (
				27A794892028DD2100E335DC /* MapKit.framework */,
				BE68196DD69D7B8FB0754022 /* Pods_Findie.framework */,
			);
			name = Frameworks;
			sourceTree = "<group>";
		};
		27AD44B8203DFD4300F94600 /* Networking */ = {
			isa = PBXGroup;
			children = (
				27AD44BB203E04A400F94600 /* WebServices.swift */,
				27AD44B9203E033B00F94600 /* WebServicesProtocol.swift */,
			);
			path = Networking;
			sourceTree = "<group>";
		};
		27DD218A1FE8B94400B45330 /* Controller */ = {
			isa = PBXGroup;
			children = (
				27ECF0242045DF3D00449770 /* SearchController.swift */,
			);
			path = Controller;
			sourceTree = "<group>";
		};
		27DD218D1FE8B94400B45330 /* ViewControllers */ = {
			isa = PBXGroup;
			children = (
				27ECF01F2045DF0F00449770 /* CategoriesCollectionViewController.swift */,
				27ECF0202045DF0F00449770 /* ResultsTableViewController.swift */,
				27ECF01E2045DF0F00449770 /* MapViewController.swift */,
			);
			path = ViewControllers;
			sourceTree = "<group>";
		};
		27ECF0192045CCB400449770 /* Manager */ = {
			isa = PBXGroup;
			children = (
				27ECF01A2045CCD400449770 /* LocationManager.swift */,
			);
			path = Manager;
			sourceTree = "<group>";
		};
		5C2E887E2F4592E47E0981AA /* Pods */ = {
			isa = PBXGroup;
			children = (
				940B8885EB8217241FD69770 /* Pods-Findie.debug.xcconfig */,
				D05C9CCC9A5E6BB582B34698 /* Pods-Findie.release.xcconfig */,
			);
			name = Pods;
			sourceTree = "<group>";
		};
/* End PBXGroup section */

/* Begin PBXNativeTarget section */
		276A9A6F1F71BADB00D50312 /* Findie */ = {
			isa = PBXNativeTarget;
			buildConfigurationList = 276A9A821F71BADB00D50312 /* Build configuration list for PBXNativeTarget "Findie" */;
			buildPhases = (
				6346F0E881520197B82CE0FD /* [CP] Check Pods Manifest.lock */,
				276A9A6C1F71BADB00D50312 /* Sources */,
				276A9A6D1F71BADB00D50312 /* Frameworks */,
				276A9A6E1F71BADB00D50312 /* Resources */,
				EE78288A1195138581A08023 /* [CP] Embed Pods Frameworks */,
				B04BD4CC4E11EE335FBBFD80 /* [CP] Copy Pods Resources */,
			);
			buildRules = (
			);
			dependencies = (
			);
			name = Findie;
			productName = Findie;
			productReference = 276A9A701F71BADB00D50312 /* Findie.app */;
			productType = "com.apple.product-type.application";
		};
/* End PBXNativeTarget section */

/* Begin PBXProject section */
		276A9A681F71BADB00D50312 /* Project object */ = {
			isa = PBXProject;
			attributes = {
				LastSwiftUpdateCheck = 0830;
				LastUpgradeCheck = 0900;
				ORGANIZATIONNAME = elahiammar;
				TargetAttributes = {
					276A9A6F1F71BADB00D50312 = {
						CreatedOnToolsVersion = 8.3.2;
						DevelopmentTeam = ZR58BAQNQ9;
						LastSwiftMigration = 0900;
						ProvisioningStyle = Automatic;
					};
				};
			};
			buildConfigurationList = 276A9A6B1F71BADB00D50312 /* Build configuration list for PBXProject "Findie" */;
			compatibilityVersion = "Xcode 3.2";
			developmentRegion = English;
			hasScannedForEncodings = 0;
			knownRegions = (
				en,
				Base,
			);
			mainGroup = 276A9A671F71BADB00D50312;
			productRefGroup = 276A9A711F71BADB00D50312 /* Products */;
			projectDirPath = "";
			projectRoot = "";
			targets = (
				276A9A6F1F71BADB00D50312 /* Findie */,
			);
		};
/* End PBXProject section */

/* Begin PBXResourcesBuildPhase section */
		276A9A6E1F71BADB00D50312 /* Resources */ = {
			isa = PBXResourcesBuildPhase;
			buildActionMask = 2147483647;
			files = (
				276A9A7E1F71BADB00D50312 /* LaunchScreen.storyboard in Resources */,
				276A9A7B1F71BADB00D50312 /* Assets.xcassets in Resources */,
				27DD21841FE8B8B200B45330 /* Main.storyboard in Resources */,
			);
			runOnlyForDeploymentPostprocessing = 0;
		};
/* End PBXResourcesBuildPhase section */

/* Begin PBXShellScriptBuildPhase section */
		6346F0E881520197B82CE0FD /* [CP] Check Pods Manifest.lock */ = {
			isa = PBXShellScriptBuildPhase;
			buildActionMask = 2147483647;
			files = (
			);
			inputPaths = (
				"${PODS_PODFILE_DIR_PATH}/Podfile.lock",
				"${PODS_ROOT}/Manifest.lock",
			);
			name = "[CP] Check Pods Manifest.lock";
			outputPaths = (
				"$(DERIVED_FILE_DIR)/Pods-Findie-checkManifestLockResult.txt",
			);
			runOnlyForDeploymentPostprocessing = 0;
			shellPath = /bin/sh;
			shellScript = "diff \"${PODS_PODFILE_DIR_PATH}/Podfile.lock\" \"${PODS_ROOT}/Manifest.lock\" > /dev/null\nif [ $? != 0 ] ; then\n    # print error to STDERR\n    echo \"error: The sandbox is not in sync with the Podfile.lock. Run 'pod install' or update your CocoaPods installation.\" >&2\n    exit 1\nfi\n# This output is used by Xcode 'outputs' to avoid re-running this script phase.\necho \"SUCCESS\" > \"${SCRIPT_OUTPUT_FILE_0}\"\n";
			showEnvVarsInLog = 0;
		};
		B04BD4CC4E11EE335FBBFD80 /* [CP] Copy Pods Resources */ = {
			isa = PBXShellScriptBuildPhase;
			buildActionMask = 2147483647;
			files = (
			);
			inputPaths = (
			);
			name = "[CP] Copy Pods Resources";
			outputPaths = (
			);
			runOnlyForDeploymentPostprocessing = 0;
			shellPath = /bin/sh;
			shellScript = "\"${SRCROOT}/Pods/Target Support Files/Pods-Findie/Pods-Findie-resources.sh\"\n";
			showEnvVarsInLog = 0;
		};
		EE78288A1195138581A08023 /* [CP] Embed Pods Frameworks */ = {
			isa = PBXShellScriptBuildPhase;
			buildActionMask = 2147483647;
			files = (
			);
			inputPaths = (
				"${SRCROOT}/Pods/Target Support Files/Pods-Findie/Pods-Findie-frameworks.sh",
				"${BUILT_PRODUCTS_DIR}/RxCocoa/RxCocoa.framework",
				"${BUILT_PRODUCTS_DIR}/RxSwift/RxSwift.framework",
			);
			name = "[CP] Embed Pods Frameworks";
			outputPaths = (
				"${TARGET_BUILD_DIR}/${FRAMEWORKS_FOLDER_PATH}/RxCocoa.framework",
				"${TARGET_BUILD_DIR}/${FRAMEWORKS_FOLDER_PATH}/RxSwift.framework",
			);
			runOnlyForDeploymentPostprocessing = 0;
			shellPath = /bin/sh;
			shellScript = "\"${SRCROOT}/Pods/Target Support Files/Pods-Findie/Pods-Findie-frameworks.sh\"\n";
			showEnvVarsInLog = 0;
		};
/* End PBXShellScriptBuildPhase section */

/* Begin PBXSourcesBuildPhase section */
		276A9A6C1F71BADB00D50312 /* Sources */ = {
			isa = PBXSourcesBuildPhase;
			buildActionMask = 2147483647;
			files = (
				276A9A911F72F49300D50312 /* AppDelegate.swift in Sources */,
				27AD44BC203E04A400F94600 /* WebServices.swift in Sources */,
				27AD44BA203E033B00F94600 /* WebServicesProtocol.swift in Sources */,
				27ECF0212045DF0F00449770 /* MapViewController.swift in Sources */,
				2725D9171F7813D7005466FA /* Constants.swift in Sources */,
				27ECF0232045DF0F00449770 /* ResultsTableViewController.swift in Sources */,
				27ECF0222045DF0F00449770 /* CategoriesCollectionViewController.swift in Sources */,
				271E36351F7D73FE00A7AFF3 /* Category.swift in Sources */,
				27ECF0292045DF6800449770 /* CategoriesCollectionViewCell.swift in Sources */,
				27ECF0252045DF3D00449770 /* SearchController.swift in Sources */,
				27ECF01D2045D11C00449770 /* ResultsViewModel.swift in Sources */,
				27ECF01B2045CCD400449770 /* LocationManager.swift in Sources */,
				2725D9121F77FBFD005466FA /* CategoriesViewModel.swift in Sources */,
				27ECF0282045DF6800449770 /* SearchResultsTableViewCell.swift in Sources */,
			);
			runOnlyForDeploymentPostprocessing = 0;
		};
/* End PBXSourcesBuildPhase section */

/* Begin PBXVariantGroup section */
		276A9A7C1F71BADB00D50312 /* LaunchScreen.storyboard */ = {
			isa = PBXVariantGroup;
			children = (
				276A9A7D1F71BADB00D50312 /* Base */,
			);
			name = LaunchScreen.storyboard;
			sourceTree = "<group>";
		};
/* End PBXVariantGroup section */

/* Begin XCBuildConfiguration section */
		276A9A801F71BADB00D50312 /* Debug */ = {
			isa = XCBuildConfiguration;
			buildSettings = {
				ALWAYS_SEARCH_USER_PATHS = NO;
				CLANG_ANALYZER_NONNULL = YES;
				CLANG_ANALYZER_NUMBER_OBJECT_CONVERSION = YES_AGGRESSIVE;
				CLANG_CXX_LANGUAGE_STANDARD = "gnu++0x";
				CLANG_CXX_LIBRARY = "libc++";
				CLANG_ENABLE_MODULES = YES;
				CLANG_ENABLE_OBJC_ARC = YES;
				CLANG_WARN_BLOCK_CAPTURE_AUTORELEASING = YES;
				CLANG_WARN_BOOL_CONVERSION = YES;
				CLANG_WARN_COMMA = YES;
				CLANG_WARN_CONSTANT_CONVERSION = YES;
				CLANG_WARN_DIRECT_OBJC_ISA_USAGE = YES_ERROR;
				CLANG_WARN_DOCUMENTATION_COMMENTS = YES;
				CLANG_WARN_EMPTY_BODY = YES;
				CLANG_WARN_ENUM_CONVERSION = YES;
				CLANG_WARN_INFINITE_RECURSION = YES;
				CLANG_WARN_INT_CONVERSION = YES;
				CLANG_WARN_NON_LITERAL_NULL_CONVERSION = YES;
				CLANG_WARN_OBJC_LITERAL_CONVERSION = YES;
				CLANG_WARN_OBJC_ROOT_CLASS = YES_ERROR;
				CLANG_WARN_RANGE_LOOP_ANALYSIS = YES;
				CLANG_WARN_STRICT_PROTOTYPES = YES;
				CLANG_WARN_SUSPICIOUS_MOVE = YES;
				CLANG_WARN_UNREACHABLE_CODE = YES;
				CLANG_WARN__DUPLICATE_METHOD_MATCH = YES;
				"CODE_SIGN_IDENTITY[sdk=iphoneos*]" = "iPhone Developer";
				COPY_PHASE_STRIP = NO;
				DEBUG_INFORMATION_FORMAT = dwarf;
				ENABLE_STRICT_OBJC_MSGSEND = YES;
				ENABLE_TESTABILITY = YES;
				GCC_C_LANGUAGE_STANDARD = gnu99;
				GCC_DYNAMIC_NO_PIC = NO;
				GCC_NO_COMMON_BLOCKS = YES;
				GCC_OPTIMIZATION_LEVEL = 0;
				GCC_PREPROCESSOR_DEFINITIONS = (
					"DEBUG=1",
					"$(inherited)",
				);
				GCC_WARN_64_TO_32_BIT_CONVERSION = YES;
				GCC_WARN_ABOUT_RETURN_TYPE = YES_ERROR;
				GCC_WARN_UNDECLARED_SELECTOR = YES;
				GCC_WARN_UNINITIALIZED_AUTOS = YES_AGGRESSIVE;
				GCC_WARN_UNUSED_FUNCTION = YES;
				GCC_WARN_UNUSED_VARIABLE = YES;
				IPHONEOS_DEPLOYMENT_TARGET = 10.3;
				MTL_ENABLE_DEBUG_INFO = YES;
				ONLY_ACTIVE_ARCH = YES;
				SDKROOT = iphoneos;
				SWIFT_ACTIVE_COMPILATION_CONDITIONS = DEBUG;
				SWIFT_OPTIMIZATION_LEVEL = "-Onone";
			};
			name = Debug;
		};
		276A9A811F71BADB00D50312 /* Release */ = {
			isa = XCBuildConfiguration;
			buildSettings = {
				ALWAYS_SEARCH_USER_PATHS = NO;
				CLANG_ANALYZER_NONNULL = YES;
				CLANG_ANALYZER_NUMBER_OBJECT_CONVERSION = YES_AGGRESSIVE;
				CLANG_CXX_LANGUAGE_STANDARD = "gnu++0x";
				CLANG_CXX_LIBRARY = "libc++";
				CLANG_ENABLE_MODULES = YES;
				CLANG_ENABLE_OBJC_ARC = YES;
				CLANG_WARN_BLOCK_CAPTURE_AUTORELEASING = YES;
				CLANG_WARN_BOOL_CONVERSION = YES;
				CLANG_WARN_COMMA = YES;
				CLANG_WARN_CONSTANT_CONVERSION = YES;
				CLANG_WARN_DIRECT_OBJC_ISA_USAGE = YES_ERROR;
				CLANG_WARN_DOCUMENTATION_COMMENTS = YES;
				CLANG_WARN_EMPTY_BODY = YES;
				CLANG_WARN_ENUM_CONVERSION = YES;
				CLANG_WARN_INFINITE_RECURSION = YES;
				CLANG_WARN_INT_CONVERSION = YES;
				CLANG_WARN_NON_LITERAL_NULL_CONVERSION = YES;
				CLANG_WARN_OBJC_LITERAL_CONVERSION = YES;
				CLANG_WARN_OBJC_ROOT_CLASS = YES_ERROR;
				CLANG_WARN_RANGE_LOOP_ANALYSIS = YES;
				CLANG_WARN_STRICT_PROTOTYPES = YES;
				CLANG_WARN_SUSPICIOUS_MOVE = YES;
				CLANG_WARN_UNREACHABLE_CODE = YES;
				CLANG_WARN__DUPLICATE_METHOD_MATCH = YES;
				"CODE_SIGN_IDENTITY[sdk=iphoneos*]" = "iPhone Developer";
				COPY_PHASE_STRIP = NO;
				DEBUG_INFORMATION_FORMAT = "dwarf-with-dsym";
				ENABLE_NS_ASSERTIONS = NO;
				ENABLE_STRICT_OBJC_MSGSEND = YES;
				GCC_C_LANGUAGE_STANDARD = gnu99;
				GCC_NO_COMMON_BLOCKS = YES;
				GCC_WARN_64_TO_32_BIT_CONVERSION = YES;
				GCC_WARN_ABOUT_RETURN_TYPE = YES_ERROR;
				GCC_WARN_UNDECLARED_SELECTOR = YES;
				GCC_WARN_UNINITIALIZED_AUTOS = YES_AGGRESSIVE;
				GCC_WARN_UNUSED_FUNCTION = YES;
				GCC_WARN_UNUSED_VARIABLE = YES;
				IPHONEOS_DEPLOYMENT_TARGET = 10.3;
				MTL_ENABLE_DEBUG_INFO = NO;
				SDKROOT = iphoneos;
				SWIFT_OPTIMIZATION_LEVEL = "-Owholemodule";
				VALIDATE_PRODUCT = YES;
			};
			name = Release;
		};
		276A9A831F71BADB00D50312 /* Debug */ = {
			isa = XCBuildConfiguration;
			baseConfigurationReference = 940B8885EB8217241FD69770 /* Pods-Findie.debug.xcconfig */;
			buildSettings = {
				ASSETCATALOG_COMPILER_APPICON_NAME = AppIcon;
				CODE_SIGN_IDENTITY = "";
				CODE_SIGN_INJECT_BASE_ENTITLEMENTS = YES;
				CODE_SIGN_STYLE = Automatic;
				DEVELOPMENT_TEAM = ZR58BAQNQ9;
				INFOPLIST_FILE = "$(SRCROOT)/Findie/Supporting Files/Info.plist";
				IPHONEOS_DEPLOYMENT_TARGET = 11.0;
				LD_RUNPATH_SEARCH_PATHS = "$(inherited) @executable_path/Frameworks";
				PRODUCT_BUNDLE_IDENTIFIER = com.findie.app;
				PRODUCT_NAME = "$(TARGET_NAME)";
				PROVISIONING_PROFILE_SPECIFIER = "";
				SWIFT_SWIFT3_OBJC_INFERENCE = Off;
				SWIFT_VERSION = 4.0;
			};
			name = Debug;
		};
		276A9A841F71BADB00D50312 /* Release */ = {
			isa = XCBuildConfiguration;
			baseConfigurationReference = D05C9CCC9A5E6BB582B34698 /* Pods-Findie.release.xcconfig */;
			buildSettings = {
				ASSETCATALOG_COMPILER_APPICON_NAME = AppIcon;
				CODE_SIGN_IDENTITY = "";
				"CODE_SIGN_IDENTITY[sdk=iphoneos*]" = "";
				CODE_SIGN_INJECT_BASE_ENTITLEMENTS = YES;
				CODE_SIGN_STYLE = Automatic;
				DEVELOPMENT_TEAM = ZR58BAQNQ9;
				INFOPLIST_FILE = "$(SRCROOT)/Findie/Supporting Files/Info.plist";
				IPHONEOS_DEPLOYMENT_TARGET = 11.0;
				LD_RUNPATH_SEARCH_PATHS = "$(inherited) @executable_path/Frameworks";
				PRODUCT_BUNDLE_IDENTIFIER = com.findie.app;
				PRODUCT_NAME = "$(TARGET_NAME)";
				PROVISIONING_PROFILE_SPECIFIER = "";
				SWIFT_SWIFT3_OBJC_INFERENCE = Off;
				SWIFT_VERSION = 4.0;
			};
			name = Release;
		};
/* End XCBuildConfiguration section */

/* Begin XCConfigurationList section */
		276A9A6B1F71BADB00D50312 /* Build configuration list for PBXProject "Findie" */ = {
			isa = XCConfigurationList;
			buildConfigurations = (
				276A9A801F71BADB00D50312 /* Debug */,
				276A9A811F71BADB00D50312 /* Release */,
			);
			defaultConfigurationIsVisible = 0;
			defaultConfigurationName = Release;
		};
		276A9A821F71BADB00D50312 /* Build configuration list for PBXNativeTarget "Findie" */ = {
			isa = XCConfigurationList;
			buildConfigurations = (
				276A9A831F71BADB00D50312 /* Debug */,
				276A9A841F71BADB00D50312 /* Release */,
			);
			defaultConfigurationIsVisible = 0;
			defaultConfigurationName = Release;
		};
/* End XCConfigurationList section */
	};
	rootObject = 276A9A681F71BADB00D50312 /* Project object */;
}
