// !$*UTF8*$!
{
	archiveVersion = 1;
	classes = {
	};
	objectVersion = 46;
	objects = {

/* Begin PBXBuildFile section */
		271E36351F7D73FE00A7AFF3 /* FDCategory.swift in Sources */ = {isa = PBXBuildFile; fileRef = 271E36341F7D73FE00A7AFF3 /* FDCategory.swift */; };
		2725D9121F77FBFD005466FA /* FDCategoriesViewModel.swift in Sources */ = {isa = PBXBuildFile; fileRef = 2725D9111F77FBFD005466FA /* FDCategoriesViewModel.swift */; };
		2725D9171F7813D7005466FA /* FDConstants.swift in Sources */ = {isa = PBXBuildFile; fileRef = 2725D9161F7813D7005466FA /* FDConstants.swift */; };
		274106871FF8E77B005F56FD /* FDMapViewController.swift in Sources */ = {isa = PBXBuildFile; fileRef = 274106861FF8E77B005F56FD /* FDMapViewController.swift */; };
		276A9A7B1F71BADB00D50312 /* Assets.xcassets in Resources */ = {isa = PBXBuildFile; fileRef = 276A9A7A1F71BADB00D50312 /* Assets.xcassets */; };
		276A9A7E1F71BADB00D50312 /* LaunchScreen.storyboard in Resources */ = {isa = PBXBuildFile; fileRef = 276A9A7C1F71BADB00D50312 /* LaunchScreen.storyboard */; };
		276A9A911F72F49300D50312 /* AppDelegate.swift in Sources */ = {isa = PBXBuildFile; fileRef = 276A9A8A1F72F49300D50312 /* AppDelegate.swift */; };
		2797172A1FCAE57800AF65E8 /* FDSearchResultsTableViewCell.swift in Sources */ = {isa = PBXBuildFile; fileRef = 279717291FCAE57800AF65E8 /* FDSearchResultsTableViewCell.swift */; };
		27A7948A2028DD2100E335DC /* MapKit.framework in Frameworks */ = {isa = PBXBuildFile; fileRef = 27A794892028DD2100E335DC /* MapKit.framework */; };
		27D5C18C1F7440C300447D24 /* FDCategoriesCollectionViewCell.swift in Sources */ = {isa = PBXBuildFile; fileRef = 27D5C18B1F7440C300447D24 /* FDCategoriesCollectionViewCell.swift */; };
		27DD21841FE8B8B200B45330 /* Main.storyboard in Resources */ = {isa = PBXBuildFile; fileRef = 27DD21811FE8B8B200B45330 /* Main.storyboard */; };
		27DD21921FE8B94400B45330 /* FDSearchController.swift in Sources */ = {isa = PBXBuildFile; fileRef = 27DD218C1FE8B94400B45330 /* FDSearchController.swift */; };
		27DD21931FE8B94400B45330 /* FDCategoriesCollectionViewController.swift in Sources */ = {isa = PBXBuildFile; fileRef = 27DD218F1FE8B94400B45330 /* FDCategoriesCollectionViewController.swift */; };
		27DD21941FE8B94400B45330 /* FDResultsTableViewController.swift in Sources */ = {isa = PBXBuildFile; fileRef = 27DD21911FE8B94400B45330 /* FDResultsTableViewController.swift */; };
/* End PBXBuildFile section */

/* Begin PBXFileReference section */
		271E36341F7D73FE00A7AFF3 /* FDCategory.swift */ = {isa = PBXFileReference; lastKnownFileType = sourcecode.swift; path = FDCategory.swift; sourceTree = "<group>"; };
		2725D9111F77FBFD005466FA /* FDCategoriesViewModel.swift */ = {isa = PBXFileReference; lastKnownFileType = sourcecode.swift; path = FDCategoriesViewModel.swift; sourceTree = "<group>"; };
		2725D9161F7813D7005466FA /* FDConstants.swift */ = {isa = PBXFileReference; lastKnownFileType = sourcecode.swift; path = FDConstants.swift; sourceTree = "<group>"; };
		274106861FF8E77B005F56FD /* FDMapViewController.swift */ = {isa = PBXFileReference; lastKnownFileType = sourcecode.swift; path = FDMapViewController.swift; sourceTree = "<group>"; };
		276A9A701F71BADB00D50312 /* Findie.app */ = {isa = PBXFileReference; explicitFileType = wrapper.application; includeInIndex = 0; path = Findie.app; sourceTree = BUILT_PRODUCTS_DIR; };
		276A9A7A1F71BADB00D50312 /* Assets.xcassets */ = {isa = PBXFileReference; lastKnownFileType = folder.assetcatalog; path = Assets.xcassets; sourceTree = "<group>"; };
		276A9A7D1F71BADB00D50312 /* Base */ = {isa = PBXFileReference; lastKnownFileType = file.storyboard; name = Base; path = Base.lproj/LaunchScreen.storyboard; sourceTree = "<group>"; };
		276A9A8A1F72F49300D50312 /* AppDelegate.swift */ = {isa = PBXFileReference; fileEncoding = 4; lastKnownFileType = sourcecode.swift; path = AppDelegate.swift; sourceTree = "<group>"; };
		276A9A8D1F72F49300D50312 /* Info.plist */ = {isa = PBXFileReference; fileEncoding = 4; lastKnownFileType = text.plist.xml; path = Info.plist; sourceTree = "<group>"; };
		279717291FCAE57800AF65E8 /* FDSearchResultsTableViewCell.swift */ = {isa = PBXFileReference; lastKnownFileType = sourcecode.swift; path = FDSearchResultsTableViewCell.swift; sourceTree = "<group>"; };
		27A794892028DD2100E335DC /* MapKit.framework */ = {isa = PBXFileReference; lastKnownFileType = wrapper.framework; name = MapKit.framework; path = System/Library/Frameworks/MapKit.framework; sourceTree = SDKROOT; };
		27D5C18B1F7440C300447D24 /* FDCategoriesCollectionViewCell.swift */ = {isa = PBXFileReference; fileEncoding = 4; lastKnownFileType = sourcecode.swift; path = FDCategoriesCollectionViewCell.swift; sourceTree = "<group>"; };
		27DD21811FE8B8B200B45330 /* Main.storyboard */ = {isa = PBXFileReference; fileEncoding = 4; lastKnownFileType = file.storyboard; path = Main.storyboard; sourceTree = "<group>"; };
		27DD218C1FE8B94400B45330 /* FDSearchController.swift */ = {isa = PBXFileReference; fileEncoding = 4; lastKnownFileType = sourcecode.swift; path = FDSearchController.swift; sourceTree = "<group>"; };
		27DD218F1FE8B94400B45330 /* FDCategoriesCollectionViewController.swift */ = {isa = PBXFileReference; fileEncoding = 4; lastKnownFileType = sourcecode.swift; path = FDCategoriesCollectionViewController.swift; sourceTree = "<group>"; };
		27DD21911FE8B94400B45330 /* FDResultsTableViewController.swift */ = {isa = PBXFileReference; fileEncoding = 4; lastKnownFileType = sourcecode.swift; path = FDResultsTableViewController.swift; sourceTree = "<group>"; };
/* End PBXFileReference section */

/* Begin PBXFrameworksBuildPhase section */
		276A9A6D1F71BADB00D50312 /* Frameworks */ = {
			isa = PBXFrameworksBuildPhase;
			buildActionMask = 2147483647;
			files = (
				27A7948A2028DD2100E335DC /* MapKit.framework in Frameworks */,
			);
			runOnlyForDeploymentPostprocessing = 0;
		};
/* End PBXFrameworksBuildPhase section */

/* Begin PBXGroup section */
		2725D9131F781367005466FA /* Constants */ = {
			isa = PBXGroup;
			children = (
				2725D9161F7813D7005466FA /* FDConstants.swift */,
			);
			path = Constants;
			sourceTree = "<group>";
		};
		274106851FF8E722005F56FD /* Map ViewController */ = {
			isa = PBXGroup;
			children = (
				274106861FF8E77B005F56FD /* FDMapViewController.swift */,
			);
			path = "Map ViewController";
			sourceTree = "<group>";
		};
		276A9A671F71BADB00D50312 = {
			isa = PBXGroup;
			children = (
				276A9A721F71BADB00D50312 /* Findie */,
				276A9A711F71BADB00D50312 /* Products */,
				27A794882028DD2100E335DC /* Frameworks */,
			);
			sourceTree = "<group>";
		};
		276A9A711F71BADB00D50312 /* Products */ = {
			isa = PBXGroup;
			children = (
				276A9A701F71BADB00D50312 /* Findie.app */,
			);
			name = Products;
			sourceTree = "<group>";
		};
		276A9A721F71BADB00D50312 /* Findie */ = {
			isa = PBXGroup;
			children = (
				276A9A891F72F49300D50312 /* AppDelegate */,
				2725D9131F781367005466FA /* Constants */,
				27DD218A1FE8B94400B45330 /* Controller */,
				276A9A8B1F72F49300D50312 /* Model */,
				276A9A8E1F72F49300D50312 /* View */,
				27DD218D1FE8B94400B45330 /* View Controller */,
				276A9A901F72F49300D50312 /* View Model */,
				276A9A8C1F72F49300D50312 /* Supporting Files */,
				276A9A7A1F71BADB00D50312 /* Assets.xcassets */,
				27DD21811FE8B8B200B45330 /* Main.storyboard */,
				276A9A7C1F71BADB00D50312 /* LaunchScreen.storyboard */,
			);
			path = Findie;
			sourceTree = "<group>";
		};
		276A9A891F72F49300D50312 /* AppDelegate */ = {
			isa = PBXGroup;
			children = (
				276A9A8A1F72F49300D50312 /* AppDelegate.swift */,
			);
			path = AppDelegate;
			sourceTree = "<group>";
		};
		276A9A8B1F72F49300D50312 /* Model */ = {
			isa = PBXGroup;
			children = (
				271E36341F7D73FE00A7AFF3 /* FDCategory.swift */,
			);
			path = Model;
			sourceTree = "<group>";
		};
		276A9A8C1F72F49300D50312 /* Supporting Files */ = {
			isa = PBXGroup;
			children = (
				276A9A8D1F72F49300D50312 /* Info.plist */,
			);
			path = "Supporting Files";
			sourceTree = "<group>";
		};
		276A9A8E1F72F49300D50312 /* View */ = {
			isa = PBXGroup;
			children = (
				276A9A941F72F60E00D50312 /* Cell */,
			);
			path = View;
			sourceTree = "<group>";
		};
		276A9A901F72F49300D50312 /* View Model */ = {
			isa = PBXGroup;
			children = (
				2725D9111F77FBFD005466FA /* FDCategoriesViewModel.swift */,
			);
			path = "View Model";
			sourceTree = "<group>";
		};
		276A9A941F72F60E00D50312 /* Cell */ = {
			isa = PBXGroup;
			children = (
				279717281FCAE55300AF65E8 /* SearchResultsTableViewCell */,
				27D5C18A1F7440C300447D24 /* Categories Collection View Cell */,
			);
			path = Cell;
			sourceTree = "<group>";
		};
		279717281FCAE55300AF65E8 /* SearchResultsTableViewCell */ = {
			isa = PBXGroup;
			children = (
				279717291FCAE57800AF65E8 /* FDSearchResultsTableViewCell.swift */,
			);
			path = SearchResultsTableViewCell;
			sourceTree = "<group>";
		};
		27A794882028DD2100E335DC /* Frameworks */ = {
			isa = PBXGroup;
			children = (
				27A794892028DD2100E335DC /* MapKit.framework */,
			);
			name = Frameworks;
			sourceTree = "<group>";
		};
		27D5C18A1F7440C300447D24 /* Categories Collection View Cell */ = {
			isa = PBXGroup;
			children = (
				27D5C18B1F7440C300447D24 /* FDCategoriesCollectionViewCell.swift */,
			);
			path = "Categories Collection View Cell";
			sourceTree = "<group>";
		};
		27DD218A1FE8B94400B45330 /* Controller */ = {
			isa = PBXGroup;
			children = (
				27DD218B1FE8B94400B45330 /* Search Bar Controller */,
			);
			path = Controller;
			sourceTree = "<group>";
		};
		27DD218B1FE8B94400B45330 /* Search Bar Controller */ = {
			isa = PBXGroup;
			children = (
				27DD218C1FE8B94400B45330 /* FDSearchController.swift */,
			);
			path = "Search Bar Controller";
			sourceTree = "<group>";
		};
		27DD218D1FE8B94400B45330 /* View Controller */ = {
			isa = PBXGroup;
			children = (
				27DD218E1FE8B94400B45330 /* Categories View Controller */,
				27DD21901FE8B94400B45330 /* SearchResultsViewController */,
				274106851FF8E722005F56FD /* Map ViewController */,
			);
			path = "View Controller";
			sourceTree = "<group>";
		};
		27DD218E1FE8B94400B45330 /* Categories View Controller */ = {
			isa = PBXGroup;
			children = (
				27DD218F1FE8B94400B45330 /* FDCategoriesCollectionViewController.swift */,
			);
			path = "Categories View Controller";
			sourceTree = "<group>";
		};
		27DD21901FE8B94400B45330 /* SearchResultsViewController */ = {
			isa = PBXGroup;
			children = (
				27DD21911FE8B94400B45330 /* FDResultsTableViewController.swift */,
			);
			path = SearchResultsViewController;
			sourceTree = "<group>";
		};
/* End PBXGroup section */

/* Begin PBXNativeTarget section */
		276A9A6F1F71BADB00D50312 /* Findie */ = {
			isa = PBXNativeTarget;
			buildConfigurationList = 276A9A821F71BADB00D50312 /* Build configuration list for PBXNativeTarget "Findie" */;
			buildPhases = (
				276A9A6C1F71BADB00D50312 /* Sources */,
				276A9A6D1F71BADB00D50312 /* Frameworks */,
				276A9A6E1F71BADB00D50312 /* Resources */,
			);
			buildRules = (
			);
			dependencies = (
			);
			name = Findie;
			productName = Findie;
			productReference = 276A9A701F71BADB00D50312 /* Findie.app */;
			productType = "com.apple.product-type.application";
		};
/* End PBXNativeTarget section */

/* Begin PBXProject section */
		276A9A681F71BADB00D50312 /* Project object */ = {
			isa = PBXProject;
			attributes = {
				LastSwiftUpdateCheck = 0830;
				LastUpgradeCheck = 0900;
				ORGANIZATIONNAME = elahiammar;
				TargetAttributes = {
					276A9A6F1F71BADB00D50312 = {
						CreatedOnToolsVersion = 8.3.2;
						DevelopmentTeam = W7FZ2R7QG2;
						LastSwiftMigration = 0900;
						ProvisioningStyle = Automatic;
					};
				};
			};
			buildConfigurationList = 276A9A6B1F71BADB00D50312 /* Build configuration list for PBXProject "Findie" */;
			compatibilityVersion = "Xcode 3.2";
			developmentRegion = English;
			hasScannedForEncodings = 0;
			knownRegions = (
				en,
				Base,
			);
			mainGroup = 276A9A671F71BADB00D50312;
			productRefGroup = 276A9A711F71BADB00D50312 /* Products */;
			projectDirPath = "";
			projectRoot = "";
			targets = (
				276A9A6F1F71BADB00D50312 /* Findie */,
			);
		};
/* End PBXProject section */

/* Begin PBXResourcesBuildPhase section */
		276A9A6E1F71BADB00D50312 /* Resources */ = {
			isa = PBXResourcesBuildPhase;
			buildActionMask = 2147483647;
			files = (
				276A9A7E1F71BADB00D50312 /* LaunchScreen.storyboard in Resources */,
				276A9A7B1F71BADB00D50312 /* Assets.xcassets in Resources */,
				27DD21841FE8B8B200B45330 /* Main.storyboard in Resources */,
			);
			runOnlyForDeploymentPostprocessing = 0;
		};
/* End PBXResourcesBuildPhase section */

/* Begin PBXSourcesBuildPhase section */
		276A9A6C1F71BADB00D50312 /* Sources */ = {
			isa = PBXSourcesBuildPhase;
			buildActionMask = 2147483647;
			files = (
				27DD21931FE8B94400B45330 /* FDCategoriesCollectionViewController.swift in Sources */,
				276A9A911F72F49300D50312 /* AppDelegate.swift in Sources */,
				2725D9171F7813D7005466FA /* FDConstants.swift in Sources */,
				27DD21921FE8B94400B45330 /* FDSearchController.swift in Sources */,
				27DD21941FE8B94400B45330 /* FDResultsTableViewController.swift in Sources */,
				2797172A1FCAE57800AF65E8 /* FDSearchResultsTableViewCell.swift in Sources */,
				271E36351F7D73FE00A7AFF3 /* FDCategory.swift in Sources */,
				274106871FF8E77B005F56FD /* FDMapViewController.swift in Sources */,
				2725D9121F77FBFD005466FA /* FDCategoriesViewModel.swift in Sources */,
				27D5C18C1F7440C300447D24 /* FDCategoriesCollectionViewCell.swift in Sources */,
			);
			runOnlyForDeploymentPostprocessing = 0;
		};
/* End PBXSourcesBuildPhase section */

/* Begin PBXVariantGroup section */
		276A9A7C1F71BADB00D50312 /* LaunchScreen.storyboard */ = {
			isa = PBXVariantGroup;
			children = (
				276A9A7D1F71BADB00D50312 /* Base */,
			);
			name = LaunchScreen.storyboard;
			sourceTree = "<group>";
		};
/* End PBXVariantGroup section */

/* Begin XCBuildConfiguration section */
		276A9A801F71BADB00D50312 /* Debug */ = {
			isa = XCBuildConfiguration;
			buildSettings = {
				ALWAYS_SEARCH_USER_PATHS = NO;
				CLANG_ANALYZER_NONNULL = YES;
				CLANG_ANALYZER_NUMBER_OBJECT_CONVERSION = YES_AGGRESSIVE;
				CLANG_CXX_LANGUAGE_STANDARD = "gnu++0x";
				CLANG_CXX_LIBRARY = "libc++";
				CLANG_ENABLE_MODULES = YES;
				CLANG_ENABLE_OBJC_ARC = YES;
				CLANG_WARN_BLOCK_CAPTURE_AUTORELEASING = YES;
				CLANG_WARN_BOOL_CONVERSION = YES;
				CLANG_WARN_COMMA = YES;
				CLANG_WARN_CONSTANT_CONVERSION = YES;
				CLANG_WARN_DIRECT_OBJC_ISA_USAGE = YES_ERROR;
				CLANG_WARN_DOCUMENTATION_COMMENTS = YES;
				CLANG_WARN_EMPTY_BODY = YES;
				CLANG_WARN_ENUM_CONVERSION = YES;
				CLANG_WARN_INFINITE_RECURSION = YES;
				CLANG_WARN_INT_CONVERSION = YES;
				CLANG_WARN_NON_LITERAL_NULL_CONVERSION = YES;
				CLANG_WARN_OBJC_LITERAL_CONVERSION = YES;
				CLANG_WARN_OBJC_ROOT_CLASS = YES_ERROR;
				CLANG_WARN_RANGE_LOOP_ANALYSIS = YES;
				CLANG_WARN_STRICT_PROTOTYPES = YES;
				CLANG_WARN_SUSPICIOUS_MOVE = YES;
				CLANG_WARN_UNREACHABLE_CODE = YES;
				CLANG_WARN__DUPLICATE_METHOD_MATCH = YES;
				"CODE_SIGN_IDENTITY[sdk=iphoneos*]" = "iPhone Developer";
				COPY_PHASE_STRIP = NO;
				DEBUG_INFORMATION_FORMAT = dwarf;
				ENABLE_STRICT_OBJC_MSGSEND = YES;
				ENABLE_TESTABILITY = YES;
				GCC_C_LANGUAGE_STANDARD = gnu99;
				GCC_DYNAMIC_NO_PIC = NO;
				GCC_NO_COMMON_BLOCKS = YES;
				GCC_OPTIMIZATION_LEVEL = 0;
				GCC_PREPROCESSOR_DEFINITIONS = (
					"DEBUG=1",
					"$(inherited)",
				);
				GCC_WARN_64_TO_32_BIT_CONVERSION = YES;
				GCC_WARN_ABOUT_RETURN_TYPE = YES_ERROR;
				GCC_WARN_UNDECLARED_SELECTOR = YES;
				GCC_WARN_UNINITIALIZED_AUTOS = YES_AGGRESSIVE;
				GCC_WARN_UNUSED_FUNCTION = YES;
				GCC_WARN_UNUSED_VARIABLE = YES;
				IPHONEOS_DEPLOYMENT_TARGET = 10.3;
				MTL_ENABLE_DEBUG_INFO = YES;
				ONLY_ACTIVE_ARCH = YES;
				SDKROOT = iphoneos;
				SWIFT_ACTIVE_COMPILATION_CONDITIONS = DEBUG;
				SWIFT_OPTIMIZATION_LEVEL = "-Onone";
			};
			name = Debug;
		};
		276A9A811F71BADB00D50312 /* Release */ = {
			isa = XCBuildConfiguration;
			buildSettings = {
				ALWAYS_SEARCH_USER_PATHS = NO;
				CLANG_ANALYZER_NONNULL = YES;
				CLANG_ANALYZER_NUMBER_OBJECT_CONVERSION = YES_AGGRESSIVE;
				CLANG_CXX_LANGUAGE_STANDARD = "gnu++0x";
				CLANG_CXX_LIBRARY = "libc++";
				CLANG_ENABLE_MODULES = YES;
				CLANG_ENABLE_OBJC_ARC = YES;
				CLANG_WARN_BLOCK_CAPTURE_AUTORELEASING = YES;
				CLANG_WARN_BOOL_CONVERSION = YES;
				CLANG_WARN_COMMA = YES;
				CLANG_WARN_CONSTANT_CONVERSION = YES;
				CLANG_WARN_DIRECT_OBJC_ISA_USAGE = YES_ERROR;
				CLANG_WARN_DOCUMENTATION_COMMENTS = YES;
				CLANG_WARN_EMPTY_BODY = YES;
				CLANG_WARN_ENUM_CONVERSION = YES;
				CLANG_WARN_INFINITE_RECURSION = YES;
				CLANG_WARN_INT_CONVERSION = YES;
				CLANG_WARN_NON_LITERAL_NULL_CONVERSION = YES;
				CLANG_WARN_OBJC_LITERAL_CONVERSION = YES;
				CLANG_WARN_OBJC_ROOT_CLASS = YES_ERROR;
				CLANG_WARN_RANGE_LOOP_ANALYSIS = YES;
				CLANG_WARN_STRICT_PROTOTYPES = YES;
				CLANG_WARN_SUSPICIOUS_MOVE = YES;
				CLANG_WARN_UNREACHABLE_CODE = YES;
				CLANG_WARN__DUPLICATE_METHOD_MATCH = YES;
				"CODE_SIGN_IDENTITY[sdk=iphoneos*]" = "iPhone Developer";
				COPY_PHASE_STRIP = NO;
				DEBUG_INFORMATION_FORMAT = "dwarf-with-dsym";
				ENABLE_NS_ASSERTIONS = NO;
				ENABLE_STRICT_OBJC_MSGSEND = YES;
				GCC_C_LANGUAGE_STANDARD = gnu99;
				GCC_NO_COMMON_BLOCKS = YES;
				GCC_WARN_64_TO_32_BIT_CONVERSION = YES;
				GCC_WARN_ABOUT_RETURN_TYPE = YES_ERROR;
				GCC_WARN_UNDECLARED_SELECTOR = YES;
				GCC_WARN_UNINITIALIZED_AUTOS = YES_AGGRESSIVE;
				GCC_WARN_UNUSED_FUNCTION = YES;
				GCC_WARN_UNUSED_VARIABLE = YES;
				IPHONEOS_DEPLOYMENT_TARGET = 10.3;
				MTL_ENABLE_DEBUG_INFO = NO;
				SDKROOT = iphoneos;
				SWIFT_OPTIMIZATION_LEVEL = "-Owholemodule";
				VALIDATE_PRODUCT = YES;
			};
			name = Release;
		};
		276A9A831F71BADB00D50312 /* Debug */ = {
			isa = XCBuildConfiguration;
			buildSettings = {
				ASSETCATALOG_COMPILER_APPICON_NAME = AppIcon;
				DEVELOPMENT_TEAM = W7FZ2R7QG2;
				INFOPLIST_FILE = "$(SRCROOT)/Findie/Supporting Files/Info.plist";
				IPHONEOS_DEPLOYMENT_TARGET = 11.0;
				LD_RUNPATH_SEARCH_PATHS = "$(inherited) @executable_path/Frameworks";
				PRODUCT_BUNDLE_IDENTIFIER = com.silentmosque.app;
				PRODUCT_NAME = "$(TARGET_NAME)";
				SWIFT_SWIFT3_OBJC_INFERENCE = Off;
				SWIFT_VERSION = 4.0;
			};
			name = Debug;
		};
		276A9A841F71BADB00D50312 /* Release */ = {
			isa = XCBuildConfiguration;
			buildSettings = {
				ASSETCATALOG_COMPILER_APPICON_NAME = AppIcon;
				DEVELOPMENT_TEAM = W7FZ2R7QG2;
				INFOPLIST_FILE = "$(SRCROOT)/Findie/Supporting Files/Info.plist";
				IPHONEOS_DEPLOYMENT_TARGET = 11.0;
				LD_RUNPATH_SEARCH_PATHS = "$(inherited) @executable_path/Frameworks";
				PRODUCT_BUNDLE_IDENTIFIER = com.silentmosque.app;
				PRODUCT_NAME = "$(TARGET_NAME)";
				SWIFT_SWIFT3_OBJC_INFERENCE = Off;
				SWIFT_VERSION = 4.0;
			};
			name = Release;
		};
/* End XCBuildConfiguration section */

/* Begin XCConfigurationList section */
		276A9A6B1F71BADB00D50312 /* Build configuration list for PBXProject "Findie" */ = {
			isa = XCConfigurationList;
			buildConfigurations = (
				276A9A801F71BADB00D50312 /* Debug */,
				276A9A811F71BADB00D50312 /* Release */,
			);
			defaultConfigurationIsVisible = 0;
			defaultConfigurationName = Release;
		};
		276A9A821F71BADB00D50312 /* Build configuration list for PBXNativeTarget "Findie" */ = {
			isa = XCConfigurationList;
			buildConfigurations = (
				276A9A831F71BADB00D50312 /* Debug */,
				276A9A841F71BADB00D50312 /* Release */,
			);
			defaultConfigurationIsVisible = 0;
			defaultConfigurationName = Release;
		};
/* End XCConfigurationList section */
	};
	rootObject = 276A9A681F71BADB00D50312 /* Project object */;
}
